
Microsoft Visual Studio Solution File, Format Version 12.00
# Visual Studio 14
VisualStudioVersion = 14.0.25420.1
MinimumVisualStudioVersion = 10.0.40219.1
Project("{2150E333-8FDC-42A3-9474-1A3956D46DE8}") = "Engine", "Engine", "{C3AC290D-1728-49BA-8BB4-189994C6ED21}"
EndProject
Project("{2150E333-8FDC-42A3-9474-1A3956D46DE8}") = "Games", "Games", "{AF9C3A6C-35A3-44FB-804B-8E855140001B}"
EndProject
Project("{8BC9CEB8-8B4A-11D0-8D11-00A0C91BC942}") = "UE4", "Intermediate\ProjectFiles\UE4.vcxproj", "{E232E9FE-09AA-4BD4-AFF7-6D672DDB8ACB}"
EndProject
Project("{8BC9CEB8-8B4A-11D0-8D11-00A0C91BC942}") = "WeatherAPI", "Intermediate\ProjectFiles\WeatherAPI.vcxproj", "{16C09227-103C-4F0E-B6B0-FAAE800485A3}"
EndProject
Global
	GlobalSection(SolutionConfigurationPlatforms) = preSolution
		DebugGame Editor|HTML5 = DebugGame Editor|HTML5
		DebugGame Editor|Win32 = DebugGame Editor|Win32
		DebugGame Editor|Win64 = DebugGame Editor|Win64
		DebugGame|HTML5 = DebugGame|HTML5
		DebugGame|Win32 = DebugGame|Win32
		DebugGame|Win64 = DebugGame|Win64
		Development Editor|HTML5 = Development Editor|HTML5
		Development Editor|Win32 = Development Editor|Win32
		Development Editor|Win64 = Development Editor|Win64
		Development|HTML5 = Development|HTML5
		Development|Win32 = Development|Win32
		Development|Win64 = Development|Win64
		Shipping|HTML5 = Shipping|HTML5
		Shipping|Win32 = Shipping|Win32
		Shipping|Win64 = Shipping|Win64
	EndGlobalSection
	GlobalSection(ProjectConfigurationPlatforms) = postSolution
		{E232E9FE-09AA-4BD4-AFF7-6D672DDB8ACB}.DebugGame Editor|HTML5.ActiveCfg = BuiltWithUnrealBuildTool|Win32
		{E232E9FE-09AA-4BD4-AFF7-6D672DDB8ACB}.DebugGame Editor|HTML5.Build.0 = BuiltWithUnrealBuildTool|Win32
		{E232E9FE-09AA-4BD4-AFF7-6D672DDB8ACB}.DebugGame Editor|Win32.ActiveCfg = BuiltWithUnrealBuildTool|Win32
		{E232E9FE-09AA-4BD4-AFF7-6D672DDB8ACB}.DebugGame Editor|Win32.Build.0 = BuiltWithUnrealBuildTool|Win32
		{E232E9FE-09AA-4BD4-AFF7-6D672DDB8ACB}.DebugGame Editor|Win64.ActiveCfg = BuiltWithUnrealBuildTool|Win32
		{E232E9FE-09AA-4BD4-AFF7-6D672DDB8ACB}.DebugGame Editor|Win64.Build.0 = BuiltWithUnrealBuildTool|Win32
		{E232E9FE-09AA-4BD4-AFF7-6D672DDB8ACB}.DebugGame|HTML5.ActiveCfg = BuiltWithUnrealBuildTool|Win32
		{E232E9FE-09AA-4BD4-AFF7-6D672DDB8ACB}.DebugGame|HTML5.Build.0 = BuiltWithUnrealBuildTool|Win32
		{E232E9FE-09AA-4BD4-AFF7-6D672DDB8ACB}.DebugGame|Win32.ActiveCfg = BuiltWithUnrealBuildTool|Win32
		{E232E9FE-09AA-4BD4-AFF7-6D672DDB8ACB}.DebugGame|Win32.Build.0 = BuiltWithUnrealBuildTool|Win32
		{E232E9FE-09AA-4BD4-AFF7-6D672DDB8ACB}.DebugGame|Win64.ActiveCfg = BuiltWithUnrealBuildTool|Win32
		{E232E9FE-09AA-4BD4-AFF7-6D672DDB8ACB}.DebugGame|Win64.Build.0 = BuiltWithUnrealBuildTool|Win32
		{E232E9FE-09AA-4BD4-AFF7-6D672DDB8ACB}.Development Editor|HTML5.ActiveCfg = BuiltWithUnrealBuildTool|Win32
		{E232E9FE-09AA-4BD4-AFF7-6D672DDB8ACB}.Development Editor|HTML5.Build.0 = BuiltWithUnrealBuildTool|Win32
		{E232E9FE-09AA-4BD4-AFF7-6D672DDB8ACB}.Development Editor|Win32.ActiveCfg = BuiltWithUnrealBuildTool|Win32
		{E232E9FE-09AA-4BD4-AFF7-6D672DDB8ACB}.Development Editor|Win32.Build.0 = BuiltWithUnrealBuildTool|Win32
		{E232E9FE-09AA-4BD4-AFF7-6D672DDB8ACB}.Development Editor|Win64.ActiveCfg = BuiltWithUnrealBuildTool|Win32
		{E232E9FE-09AA-4BD4-AFF7-6D672DDB8ACB}.Development Editor|Win64.Build.0 = BuiltWithUnrealBuildTool|Win32
		{E232E9FE-09AA-4BD4-AFF7-6D672DDB8ACB}.Development|HTML5.ActiveCfg = BuiltWithUnrealBuildTool|Win32
		{E232E9FE-09AA-4BD4-AFF7-6D672DDB8ACB}.Development|HTML5.Build.0 = BuiltWithUnrealBuildTool|Win32
		{E232E9FE-09AA-4BD4-AFF7-6D672DDB8ACB}.Development|Win32.ActiveCfg = BuiltWithUnrealBuildTool|Win32
		{E232E9FE-09AA-4BD4-AFF7-6D672DDB8ACB}.Development|Win32.Build.0 = BuiltWithUnrealBuildTool|Win32
		{E232E9FE-09AA-4BD4-AFF7-6D672DDB8ACB}.Development|Win64.ActiveCfg = BuiltWithUnrealBuildTool|Win32
		{E232E9FE-09AA-4BD4-AFF7-6D672DDB8ACB}.Development|Win64.Build.0 = BuiltWithUnrealBuildTool|Win32
		{E232E9FE-09AA-4BD4-AFF7-6D672DDB8ACB}.Shipping|HTML5.ActiveCfg = BuiltWithUnrealBuildTool|Win32
		{E232E9FE-09AA-4BD4-AFF7-6D672DDB8ACB}.Shipping|HTML5.Build.0 = BuiltWithUnrealBuildTool|Win32
		{E232E9FE-09AA-4BD4-AFF7-6D672DDB8ACB}.Shipping|Win32.ActiveCfg = BuiltWithUnrealBuildTool|Win32
		{E232E9FE-09AA-4BD4-AFF7-6D672DDB8ACB}.Shipping|Win32.Build.0 = BuiltWithUnrealBuildTool|Win32
		{E232E9FE-09AA-4BD4-AFF7-6D672DDB8ACB}.Shipping|Win64.ActiveCfg = BuiltWithUnrealBuildTool|Win32
		{E232E9FE-09AA-4BD4-AFF7-6D672DDB8ACB}.Shipping|Win64.Build.0 = BuiltWithUnrealBuildTool|Win32
		{16C09227-103C-4F0E-B6B0-FAAE800485A3}.DebugGame Editor|HTML5.ActiveCfg = HTML5_DebugGame_Editor|Win32
		{16C09227-103C-4F0E-B6B0-FAAE800485A3}.DebugGame Editor|Win32.ActiveCfg = DebugGame_Editor|Win32
		{16C09227-103C-4F0E-B6B0-FAAE800485A3}.DebugGame Editor|Win64.ActiveCfg = DebugGame_Editor|x64
		{16C09227-103C-4F0E-B6B0-FAAE800485A3}.DebugGame Editor|Win64.Build.0 = DebugGame_Editor|x64
		{16C09227-103C-4F0E-B6B0-FAAE800485A3}.DebugGame|HTML5.ActiveCfg = HTML5_DebugGame_Game|Win32
		{16C09227-103C-4F0E-B6B0-FAAE800485A3}.DebugGame|HTML5.Build.0 = HTML5_DebugGame_Game|Win32
		{16C09227-103C-4F0E-B6B0-FAAE800485A3}.DebugGame|Win32.ActiveCfg = DebugGame_Game|Win32
		{16C09227-103C-4F0E-B6B0-FAAE800485A3}.DebugGame|Win32.Build.0 = DebugGame_Game|Win32
		{16C09227-103C-4F0E-B6B0-FAAE800485A3}.DebugGame|Win64.ActiveCfg = DebugGame_Game|x64
		{16C09227-103C-4F0E-B6B0-FAAE800485A3}.DebugGame|Win64.Build.0 = DebugGame_Game|x64
		{16C09227-103C-4F0E-B6B0-FAAE800485A3}.Development Editor|HTML5.ActiveCfg = HTML5_Development_Editor|Win32
		{16C09227-103C-4F0E-B6B0-FAAE800485A3}.Development Editor|Win32.ActiveCfg = Development_Editor|Win32
		{16C09227-103C-4F0E-B6B0-FAAE800485A3}.Development Editor|Win64.ActiveCfg = Development_Editor|x64
		{16C09227-103C-4F0E-B6B0-FAAE800485A3}.Development Editor|Win64.Build.0 = Development_Editor|x64
		{16C09227-103C-4F0E-B6B0-FAAE800485A3}.Development|HTML5.ActiveCfg = HTML5_Development_Game|Win32
		{16C09227-103C-4F0E-B6B0-FAAE800485A3}.Development|HTML5.Build.0 = HTML5_Development_Game|Win32
		{16C09227-103C-4F0E-B6B0-FAAE800485A3}.Development|Win32.ActiveCfg = Development_Game|Win32
		{16C09227-103C-4F0E-B6B0-FAAE800485A3}.Development|Win32.Build.0 = Development_Game|Win32
		{16C09227-103C-4F0E-B6B0-FAAE800485A3}.Development|Win64.ActiveCfg = Development_Game|x64
		{16C09227-103C-4F0E-B6B0-FAAE800485A3}.Development|Win64.Build.0 = Development_Game|x64
		{16C09227-103C-4F0E-B6B0-FAAE800485A3}.Shipping|HTML5.ActiveCfg = HTML5_Shipping_Game|Win32
		{16C09227-103C-4F0E-B6B0-FAAE800485A3}.Shipping|HTML5.Build.0 = HTML5_Shipping_Game|Win32
		{16C09227-103C-4F0E-B6B0-FAAE800485A3}.Shipping|Win32.ActiveCfg = Shipping_Game|Win32
		{16C09227-103C-4F0E-B6B0-FAAE800485A3}.Shipping|Win32.Build.0 = Shipping_Game|Win32
		{16C09227-103C-4F0E-B6B0-FAAE800485A3}.Shipping|Win64.ActiveCfg = Shipping_Game|x64
		{16C09227-103C-4F0E-B6B0-FAAE800485A3}.Shipping|Win64.Build.0 = Shipping_Game|x64
	EndGlobalSection
	GlobalSection(SolutionProperties) = preSolution
		HideSolutionNode = FALSE
	EndGlobalSection
	GlobalSection(NestedProjects) = preSolution
		{E232E9FE-09AA-4BD4-AFF7-6D672DDB8ACB} = {C3AC290D-1728-49BA-8BB4-189994C6ED21}
		{16C09227-103C-4F0E-B6B0-FAAE800485A3} = {AF9C3A6C-35A3-44FB-804B-8E855140001B}
	EndGlobalSection
EndGlobal
